// !$*UTF8*$!
{
	archiveVersion = 1;
	classes = {
	};
	objectVersion = 48;
	objects = {

/* Begin PBXBuildFile section */
		02419A8C1FA1DE660022F186 /* AppDelegate.swift in Sources */ = {isa = PBXBuildFile; fileRef = 02419A8B1FA1DE660022F186 /* AppDelegate.swift */; };
		02419A8E1FA1DE660022F186 /* ViewController.swift in Sources */ = {isa = PBXBuildFile; fileRef = 02419A8D1FA1DE660022F186 /* ViewController.swift */; };
		02419A911FA1DE660022F186 /* Main.storyboard in Resources */ = {isa = PBXBuildFile; fileRef = 02419A8F1FA1DE660022F186 /* Main.storyboard */; };
		02419A931FA1DE660022F186 /* Assets.xcassets in Resources */ = {isa = PBXBuildFile; fileRef = 02419A921FA1DE660022F186 /* Assets.xcassets */; };
		02419A961FA1DE660022F186 /* LaunchScreen.storyboard in Resources */ = {isa = PBXBuildFile; fileRef = 02419A941FA1DE660022F186 /* LaunchScreen.storyboard */; };
		02419A9E1FA1E1870022F186 /* DetailsViewController.swift in Sources */ = {isa = PBXBuildFile; fileRef = 02419A9D1FA1E1870022F186 /* DetailsViewController.swift */; };
		02419AA01FA1E3F10022F186 /* Simpson.swift in Sources */ = {isa = PBXBuildFile; fileRef = 02419A9F1FA1E3F10022F186 /* Simpson.swift */; };
/* End PBXBuildFile section */

/* Begin PBXFileReference section */
		02419A881FA1DE660022F186 /* Simpson Character Book.app */ = {isa = PBXFileReference; explicitFileType = wrapper.application; includeInIndex = 0; path = "Simpson Character Book.app"; sourceTree = BUILT_PRODUCTS_DIR; };
		02419A8B1FA1DE660022F186 /* AppDelegate.swift */ = {isa = PBXFileReference; lastKnownFileType = sourcecode.swift; path = AppDelegate.swift; sourceTree = "<group>"; };
		02419A8D1FA1DE660022F186 /* ViewController.swift */ = {isa = PBXFileReference; lastKnownFileType = sourcecode.swift; path = ViewController.swift; sourceTree = "<group>"; };
		02419A901FA1DE660022F186 /* Base */ = {isa = PBXFileReference; lastKnownFileType = file.storyboard; name = Base; path = Base.lproj/Main.storyboard; sourceTree = "<group>"; };
		02419A921FA1DE660022F186 /* Assets.xcassets */ = {isa = PBXFileReference; lastKnownFileType = folder.assetcatalog; path = Assets.xcassets; sourceTree = "<group>"; };
		02419A951FA1DE660022F186 /* Base */ = {isa = PBXFileReference; lastKnownFileType = file.storyboard; name = Base; path = Base.lproj/LaunchScreen.storyboard; sourceTree = "<group>"; };
		02419A971FA1DE660022F186 /* Info.plist */ = {isa = PBXFileReference; lastKnownFileType = text.plist.xml; path = Info.plist; sourceTree = "<group>"; };
		02419A9D1FA1E1870022F186 /* DetailsViewController.swift */ = {isa = PBXFileReference; lastKnownFileType = sourcecode.swift; path = DetailsViewController.swift; sourceTree = "<group>"; };
		02419A9F1FA1E3F10022F186 /* Simpson.swift */ = {isa = PBXFileReference; lastKnownFileType = sourcecode.swift; path = Simpson.swift; sourceTree = "<group>"; };
/* End PBXFileReference section */

/* Begin PBXFrameworksBuildPhase section */
		02419A851FA1DE660022F186 /* Frameworks */ = {
			isa = PBXFrameworksBuildPhase;
			buildActionMask = 2147483647;
			files = (
			);
			runOnlyForDeploymentPostprocessing = 0;
		};
/* End PBXFrameworksBuildPhase section */

/* Begin PBXGroup section */
		02419A7F1FA1DE660022F186 = {
			isa = PBXGroup;
			children = (
				02419A8A1FA1DE660022F186 /* Simpson Character Book */,
				02419A891FA1DE660022F186 /* Products */,
			);
			sourceTree = "<group>";
		};
		02419A891FA1DE660022F186 /* Products */ = {
			isa = PBXGroup;
			children = (
				02419A881FA1DE660022F186 /* Simpson Character Book.app */,
			);
			name = Products;
			sourceTree = "<group>";
		};
		02419A8A1FA1DE660022F186 /* Simpson Character Book */ = {
			isa = PBXGroup;
			children = (
				02419A8B1FA1DE660022F186 /* AppDelegate.swift */,
				02419A9D1FA1E1870022F186 /* DetailsViewController.swift */,
				02419A8D1FA1DE660022F186 /* ViewController.swift */,
				02419A8F1FA1DE660022F186 /* Main.storyboard */,
				02419A921FA1DE660022F186 /* Assets.xcassets */,
				02419A941FA1DE660022F186 /* LaunchScreen.storyboard */,
				02419A971FA1DE660022F186 /* Info.plist */,
				02419A9F1FA1E3F10022F186 /* Simpson.swift */,
			);
			path = "Simpson Character Book";
			sourceTree = "<group>";
		};
/* End PBXGroup section */

/* Begin PBXNativeTarget section */
		02419A871FA1DE660022F186 /* Simpson Character Book */ = {
			isa = PBXNativeTarget;
			buildConfigurationList = 02419A9A1FA1DE660022F186 /* Build configuration list for PBXNativeTarget "Simpson Character Book" */;
			buildPhases = (
				02419A841FA1DE660022F186 /* Sources */,
				02419A851FA1DE660022F186 /* Frameworks */,
				02419A861FA1DE660022F186 /* Resources */,
			);
			buildRules = (
			);
			dependencies = (
			);
			name = "Simpson Character Book";
			productName = "Simpson Character Book";
			productReference = 02419A881FA1DE660022F186 /* Simpson Character Book.app */;
			productType = "com.apple.product-type.application";
		};
/* End PBXNativeTarget section */

/* Begin PBXProject section */
		02419A801FA1DE660022F186 /* Project object */ = {
			isa = PBXProject;
			attributes = {
				LastSwiftUpdateCheck = 0900;
				LastUpgradeCheck = 0900;
				ORGANIZATIONNAME = "Smeet Bhatt";
				TargetAttributes = {
					02419A871FA1DE660022F186 = {
						CreatedOnToolsVersion = 9.0.1;
						ProvisioningStyle = Automatic;
					};
				};
			};
			buildConfigurationList = 02419A831FA1DE660022F186 /* Build configuration list for PBXProject "Simpson Character Book" */;
			compatibilityVersion = "Xcode 8.0";
			developmentRegion = en;
			hasScannedForEncodings = 0;
			knownRegions = (
				en,
				Base,
			);
			mainGroup = 02419A7F1FA1DE660022F186;
			productRefGroup = 02419A891FA1DE660022F186 /* Products */;
			projectDirPath = "";
			projectRoot = "";
			targets = (
				02419A871FA1DE660022F186 /* Simpson Character Book */,
			);
		};
/* End PBXProject section */

/* Begin PBXResourcesBuildPhase section */
		02419A861FA1DE660022F186 /* Resources */ = {
			isa = PBXResourcesBuildPhase;
			buildActionMask = 2147483647;
			files = (
				02419A961FA1DE660022F186 /* LaunchScreen.storyboard in Resources */,
				02419A931FA1DE660022F186 /* Assets.xcassets in Resources */,
				02419A911FA1DE660022F186 /* Main.storyboard in Resources */,
			);
			runOnlyForDeploymentPostprocessing = 0;
		};
/* End PBXResourcesBuildPhase section */

/* Begin PBXSourcesBuildPhase section */
		02419A841FA1DE660022F186 /* Sources */ = {
			isa = PBXSourcesBuildPhase;
			buildActionMask = 2147483647;
			files = (
				02419A8E1FA1DE660022F186 /* ViewController.swift in Sources */,
				02419AA01FA1E3F10022F186 /* Simpson.swift in Sources */,
				02419A8C1FA1DE660022F186 /* AppDelegate.swift in Sources */,
				02419A9E1FA1E1870022F186 /* DetailsViewController.swift in Sources */,
			);
			runOnlyForDeploymentPostprocessing = 0;
		};
/* End PBXSourcesBuildPhase section */

/* Begin PBXVariantGroup section */
		02419A8F1FA1DE660022F186 /* Main.storyboard */ = {
			isa = PBXVariantGroup;
			children = (
				02419A901FA1DE660022F186 /* Base */,
			);
			name = Main.storyboard;
			sourceTree = "<group>";
		};
		02419A941FA1DE660022F186 /* LaunchScreen.storyboard */ = {
			isa = PBXVariantGroup;
			children = (
				02419A951FA1DE660022F186 /* Base */,
			);
			name = LaunchScreen.storyboard;
			sourceTree = "<group>";
		};
/* End PBXVariantGroup section */

/* Begin XCBuildConfiguration section */
		02419A981FA1DE660022F186 /* Debug */ = {
			isa = XCBuildConfiguration;
			buildSettings = {
				ALWAYS_SEARCH_USER_PATHS = NO;
				CLANG_ANALYZER_NONNULL = YES;
				CLANG_ANALYZER_NUMBER_OBJECT_CONVERSION = YES_AGGRESSIVE;
				CLANG_CXX_LANGUAGE_STANDARD = "gnu++14";
				CLANG_CXX_LIBRARY = "libc++";
				CLANG_ENABLE_MODULES = YES;
				CLANG_ENABLE_OBJC_ARC = YES;
				CLANG_WARN_BLOCK_CAPTURE_AUTORELEASING = YES;
				CLANG_WARN_BOOL_CONVERSION = YES;
				CLANG_WARN_COMMA = YES;
				CLANG_WARN_CONSTANT_CONVERSION = YES;
				CLANG_WARN_DIRECT_OBJC_ISA_USAGE = YES_ERROR;
				CLANG_WARN_DOCUMENTATION_COMMENTS = YES;
				CLANG_WARN_EMPTY_BODY = YES;
				CLANG_WARN_ENUM_CONVERSION = YES;
				CLANG_WARN_INFINITE_RECURSION = YES;
				CLANG_WARN_INT_CONVERSION = YES;
				CLANG_WARN_NON_LITERAL_NULL_CONVERSION = YES;
				CLANG_WARN_OBJC_LITERAL_CONVERSION = YES;
				CLANG_WARN_OBJC_ROOT_CLASS = YES_ERROR;
				CLANG_WARN_RANGE_LOOP_ANALYSIS = YES;
				CLANG_WARN_STRICT_PROTOTYPES = YES;
				CLANG_WARN_SUSPICIOUS_MOVE = YES;
				CLANG_WARN_UNGUARDED_AVAILABILITY = YES_AGGRESSIVE;
				CLANG_WARN_UNREACHABLE_CODE = YES;
				CLANG_WARN__DUPLICATE_METHOD_MATCH = YES;
				CODE_SIGN_IDENTITY = "iPhone Developer";
				COPY_PHASE_STRIP = NO;
				DEBUG_INFORMATION_FORMAT = dwarf;
				ENABLE_STRICT_OBJC_MSGSEND = YES;
				ENABLE_TESTABILITY = YES;
				GCC_C_LANGUAGE_STANDARD = gnu11;
				GCC_DYNAMIC_NO_PIC = NO;
				GCC_NO_COMMON_BLOCKS = YES;
				GCC_OPTIMIZATION_LEVEL = 0;
				GCC_PREPROCESSOR_DEFINITIONS = (
					"DEBUG=1",
					"$(inherited)",
				);
				GCC_WARN_64_TO_32_BIT_CONVERSION = YES;
				GCC_WARN_ABOUT_RETURN_TYPE = YES_ERROR;
				GCC_WARN_UNDECLARED_SELECTOR = YES;
				GCC_WARN_UNINITIALIZED_AUTOS = YES_AGGRESSIVE;
				GCC_WARN_UNUSED_FUNCTION = YES;
				GCC_WARN_UNUSED_VARIABLE = YES;
				IPHONEOS_DEPLOYMENT_TARGET = 11.0;
				MTL_ENABLE_DEBUG_INFO = YES;
				ONLY_ACTIVE_ARCH = YES;
				SDKROOT = iphoneos;
				SWIFT_ACTIVE_COMPILATION_CONDITIONS = DEBUG;
				SWIFT_OPTIMIZATION_LEVEL = "-Onone";
			};
			name = Debug;
		};
		02419A991FA1DE660022F186 /* Release */ = {
			isa = XCBuildConfiguration;
			buildSettings = {
				ALWAYS_SEARCH_USER_PATHS = NO;
				CLANG_ANALYZER_NONNULL = YES;
				CLANG_ANALYZER_NUMBER_OBJECT_CONVERSION = YES_AGGRESSIVE;
				CLANG_CXX_LANGUAGE_STANDARD = "gnu++14";
				CLANG_CXX_LIBRARY = "libc++";
				CLANG_ENABLE_MODULES = YES;
				CLANG_ENABLE_OBJC_ARC = YES;
				CLANG_WARN_BLOCK_CAPTURE_AUTORELEASING = YES;
				CLANG_WARN_BOOL_CONVERSION = YES;
				CLANG_WARN_COMMA = YES;
				CLANG_WARN_CONSTANT_CONVERSION = YES;
				CLANG_WARN_DIRECT_OBJC_ISA_USAGE = YES_ERROR;
				CLANG_WARN_DOCUMENTATION_COMMENTS = YES;
				CLANG_WARN_EMPTY_BODY = YES;
				CLANG_WARN_ENUM_CONVERSION = YES;
				CLANG_WARN_INFINITE_RECURSION = YES;
				CLANG_WARN_INT_CONVERSION = YES;
				CLANG_WARN_NON_LITERAL_NULL_CONVERSION = YES;
				CLANG_WARN_OBJC_LITERAL_CONVERSION = YES;
				CLANG_WARN_OBJC_ROOT_CLASS = YES_ERROR;
				CLANG_WARN_RANGE_LOOP_ANALYSIS = YES;
				CLANG_WARN_STRICT_PROTOTYPES = YES;
				CLANG_WARN_SUSPICIOUS_MOVE = YES;
				CLANG_WARN_UNGUARDED_AVAILABILITY = YES_AGGRESSIVE;
				CLANG_WARN_UNREACHABLE_CODE = YES;
				CLANG_WARN__DUPLICATE_METHOD_MATCH = YES;
				CODE_SIGN_IDENTITY = "iPhone Developer";
				COPY_PHASE_STRIP = NO;
				DEBUG_INFORMATION_FORMAT = "dwarf-with-dsym";
				ENABLE_NS_ASSERTIONS = NO;
				ENABLE_STRICT_OBJC_MSGSEND = YES;
				GCC_C_LANGUAGE_STANDARD = gnu11;
				GCC_NO_COMMON_BLOCKS = YES;
				GCC_WARN_64_TO_32_BIT_CONVERSION = YES;
				GCC_WARN_ABOUT_RETURN_TYPE = YES_ERROR;
				GCC_WARN_UNDECLARED_SELECTOR = YES;
				GCC_WARN_UNINITIALIZED_AUTOS = YES_AGGRESSIVE;
				GCC_WARN_UNUSED_FUNCTION = YES;
				GCC_WARN_UNUSED_VARIABLE = YES;
				IPHONEOS_DEPLOYMENT_TARGET = 11.0;
				MTL_ENABLE_DEBUG_INFO = NO;
				SDKROOT = iphoneos;
				SWIFT_OPTIMIZATION_LEVEL = "-Owholemodule";
				VALIDATE_PRODUCT = YES;
			};
			name = Release;
		};
		02419A9B1FA1DE660022F186 /* Debug */ = {
			isa = XCBuildConfiguration;
			buildSettings = {
				ASSETCATALOG_COMPILER_APPICON_NAME = AppIcon;
				CODE_SIGN_STYLE = Automatic;
				INFOPLIST_FILE = "Simpson Character Book/Info.plist";
				LD_RUNPATH_SEARCH_PATHS = "$(inherited) @executable_path/Frameworks";
				PRODUCT_BUNDLE_IDENTIFIER = "com.smeetbhatt.Simpson-Character-Book";
				PRODUCT_NAME = "$(TARGET_NAME)";
				SWIFT_VERSION = 4.0;
				TARGETED_DEVICE_FAMILY = "1,2";
			};
			name = Debug;
		};
		02419A9C1FA1DE660022F186 /* Release */ = {
			isa = XCBuildConfiguration;
			buildSettings = {
				ASSETCATALOG_COMPILER_APPICON_NAME = AppIcon;
				CODE_SIGN_STYLE = Automatic;
				INFOPLIST_FILE = "Simpson Character Book/Info.plist";
				LD_RUNPATH_SEARCH_PATHS = "$(inherited) @executable_path/Frameworks";
				PRODUCT_BUNDLE_IDENTIFIER = "com.smeetbhatt.Simpson-Character-Book";
				PRODUCT_NAME = "$(TARGET_NAME)";
				SWIFT_VERSION = 4.0;
				TARGETED_DEVICE_FAMILY = "1,2";
			};
			name = Release;
		};
/* End XCBuildConfiguration section */

/* Begin XCConfigurationList section */
		02419A831FA1DE660022F186 /* Build configuration list for PBXProject "Simpson Character Book" */ = {
			isa = XCConfigurationList;
			buildConfigurations = (
				02419A981FA1DE660022F186 /* Debug */,
				02419A991FA1DE660022F186 /* Release */,
			);
			defaultConfigurationIsVisible = 0;
			defaultConfigurationName = Release;
		};
		02419A9A1FA1DE660022F186 /* Build configuration list for PBXNativeTarget "Simpson Character Book" */ = {
			isa = XCConfigurationList;
			buildConfigurations = (
				02419A9B1FA1DE660022F186 /* Debug */,
				02419A9C1FA1DE660022F186 /* Release */,
			);
			defaultConfigurationIsVisible = 0;
			defaultConfigurationName = Release;
		};
/* End XCConfigurationList section */
	};
	rootObject = 02419A801FA1DE660022F186 /* Project object */;
}
